
Microsoft Visual Studio Solution File, Format Version 12.00
# Visual Studio 15
VisualStudioVersion = 15.0.27130.2036
MinimumVisualStudioVersion = 10.0.40219.1
Project("{8BC9CEB8-8B4A-11D0-8D11-00A0C91BC942}") = "Calculator", "Calculator\Calculator.vcxproj", "{3649F0D8-ED6F-4B70-A9CF-0BB448D86ED4}"
EndProject
Project("{C7167F0D-BC9F-4E6E-AFE1-012C56B48DB5}") = "Testpackage", "Testpackage\Testpackage.wapproj", "{F4B85CB3-6628-4E89-8113-68BF5BDF60C2}"
EndProject
Project("{2150E333-8FDC-42A3-9474-1A3956D46DE8}") = "Solution Items", "Solution Items", "{F42546B6-9D10-413D-BBA0-61B168AFDC58}"
	ProjectSection(SolutionItems) = preProject
		.gitattributes = .gitattributes
		.gitignore = .gitignore
		CHANGELOG.md = CHANGELOG.md
		CONTRIBUTING.md = CONTRIBUTING.md
		ISSUE_TEMPLATE.md = ISSUE_TEMPLATE.md
		LICENSE = LICENSE
		README.md = README.md
	EndProjectSection
EndProject
Project("{8BC9CEB8-8B4A-11D0-8D11-00A0C91BC942}") = "Host", "Host\Host.vcxproj", "{5F19A4E2-79CF-4198-B711-1EA7859926CA}"
	ProjectSection(ProjectDependencies) = postProject
		{3649F0D8-ED6F-4B70-A9CF-0BB448D86ED4} = {3649F0D8-ED6F-4B70-A9CF-0BB448D86ED4}
	EndProjectSection
EndProject
Project("{8BC9CEB8-8B4A-11D0-8D11-00A0C91BC942}") = "ConsoleApplication1", "ConsoleApplication1\ConsoleApplication1.vcxproj", "{E7F038BA-665E-492C-A857-F7676357BDBE}"
EndProject
Global
	GlobalSection(SolutionConfigurationPlatforms) = preSolution
		Debug|Any CPU = Debug|Any CPU
		Debug|x64 = Debug|x64
		Debug|x86 = Debug|x86
		Release|Any CPU = Release|Any CPU
		Release|x64 = Release|x64
		Release|x86 = Release|x86
	EndGlobalSection
	GlobalSection(ProjectConfigurationPlatforms) = postSolution
		{3649F0D8-ED6F-4B70-A9CF-0BB448D86ED4}.Debug|Any CPU.ActiveCfg = Debug|Win32
		{3649F0D8-ED6F-4B70-A9CF-0BB448D86ED4}.Debug|Any CPU.Build.0 = Debug|Win32
		{3649F0D8-ED6F-4B70-A9CF-0BB448D86ED4}.Debug|x64.ActiveCfg = Debug|x64
		{3649F0D8-ED6F-4B70-A9CF-0BB448D86ED4}.Debug|x64.Build.0 = Debug|x64
		{3649F0D8-ED6F-4B70-A9CF-0BB448D86ED4}.Debug|x86.ActiveCfg = Debug|Win32
		{3649F0D8-ED6F-4B70-A9CF-0BB448D86ED4}.Debug|x86.Build.0 = Debug|Win32
		{3649F0D8-ED6F-4B70-A9CF-0BB448D86ED4}.Release|Any CPU.ActiveCfg = Release|Win32
		{3649F0D8-ED6F-4B70-A9CF-0BB448D86ED4}.Release|Any CPU.Build.0 = Release|Win32
		{3649F0D8-ED6F-4B70-A9CF-0BB448D86ED4}.Release|x64.ActiveCfg = Release|x64
		{3649F0D8-ED6F-4B70-A9CF-0BB448D86ED4}.Release|x64.Build.0 = Release|x64
		{3649F0D8-ED6F-4B70-A9CF-0BB448D86ED4}.Release|x86.ActiveCfg = Release|Win32
		{3649F0D8-ED6F-4B70-A9CF-0BB448D86ED4}.Release|x86.Build.0 = Release|Win32
		{F4B85CB3-6628-4E89-8113-68BF5BDF60C2}.Debug|Any CPU.ActiveCfg = Debug|Any CPU
		{F4B85CB3-6628-4E89-8113-68BF5BDF60C2}.Debug|Any CPU.Build.0 = Debug|Any CPU
		{F4B85CB3-6628-4E89-8113-68BF5BDF60C2}.Debug|Any CPU.Deploy.0 = Debug|Any CPU
		{F4B85CB3-6628-4E89-8113-68BF5BDF60C2}.Debug|x64.ActiveCfg = Debug|x64
		{F4B85CB3-6628-4E89-8113-68BF5BDF60C2}.Debug|x64.Build.0 = Debug|x64
		{F4B85CB3-6628-4E89-8113-68BF5BDF60C2}.Debug|x64.Deploy.0 = Debug|x64
		{F4B85CB3-6628-4E89-8113-68BF5BDF60C2}.Debug|x86.ActiveCfg = Debug|x86
		{F4B85CB3-6628-4E89-8113-68BF5BDF60C2}.Debug|x86.Build.0 = Debug|x86
		{F4B85CB3-6628-4E89-8113-68BF5BDF60C2}.Debug|x86.Deploy.0 = Debug|x86
		{F4B85CB3-6628-4E89-8113-68BF5BDF60C2}.Release|Any CPU.ActiveCfg = Release|Any CPU
		{F4B85CB3-6628-4E89-8113-68BF5BDF60C2}.Release|Any CPU.Build.0 = Release|Any CPU
		{F4B85CB3-6628-4E89-8113-68BF5BDF60C2}.Release|Any CPU.Deploy.0 = Release|Any CPU
		{F4B85CB3-6628-4E89-8113-68BF5BDF60C2}.Release|x64.ActiveCfg = Release|x64
		{F4B85CB3-6628-4E89-8113-68BF5BDF60C2}.Release|x64.Build.0 = Release|x64
		{F4B85CB3-6628-4E89-8113-68BF5BDF60C2}.Release|x64.Deploy.0 = Release|x64
		{F4B85CB3-6628-4E89-8113-68BF5BDF60C2}.Release|x86.ActiveCfg = Release|x86
		{F4B85CB3-6628-4E89-8113-68BF5BDF60C2}.Release|x86.Build.0 = Release|x86
		{F4B85CB3-6628-4E89-8113-68BF5BDF60C2}.Release|x86.Deploy.0 = Release|x86
		{5F19A4E2-79CF-4198-B711-1EA7859926CA}.Debug|Any CPU.ActiveCfg = Debug|Win32
		{5F19A4E2-79CF-4198-B711-1EA7859926CA}.Debug|x64.ActiveCfg = Debug|x64
		{5F19A4E2-79CF-4198-B711-1EA7859926CA}.Debug|x64.Build.0 = Debug|x64
		{5F19A4E2-79CF-4198-B711-1EA7859926CA}.Debug|x86.ActiveCfg = Debug|Win32
		{5F19A4E2-79CF-4198-B711-1EA7859926CA}.Debug|x86.Build.0 = Debug|Win32
		{5F19A4E2-79CF-4198-B711-1EA7859926CA}.Release|Any CPU.ActiveCfg = Release|Win32
		{5F19A4E2-79CF-4198-B711-1EA7859926CA}.Release|x64.ActiveCfg = Release|x64
		{5F19A4E2-79CF-4198-B711-1EA7859926CA}.Release|x64.Build.0 = Release|x64
		{5F19A4E2-79CF-4198-B711-1EA7859926CA}.Release|x86.ActiveCfg = Release|Win32
		{5F19A4E2-79CF-4198-B711-1EA7859926CA}.Release|x86.Build.0 = Release|Win32
		{E7F038BA-665E-492C-A857-F7676357BDBE}.Debug|Any CPU.ActiveCfg = Debug|Win32
		{E7F038BA-665E-492C-A857-F7676357BDBE}.Debug|x64.ActiveCfg = Debug|x64
		{E7F038BA-665E-492C-A857-F7676357BDBE}.Debug|x64.Build.0 = Debug|x64
		{E7F038BA-665E-492C-A857-F7676357BDBE}.Debug|x86.ActiveCfg = Debug|Win32
		{E7F038BA-665E-492C-A857-F7676357BDBE}.Debug|x86.Build.0 = Debug|Win32
		{E7F038BA-665E-492C-A857-F7676357BDBE}.Release|Any CPU.ActiveCfg = Release|Win32
		{E7F038BA-665E-492C-A857-F7676357BDBE}.Release|x64.ActiveCfg = Release|x64
		{E7F038BA-665E-492C-A857-F7676357BDBE}.Release|x64.Build.0 = Release|x64
		{E7F038BA-665E-492C-A857-F7676357BDBE}.Release|x86.ActiveCfg = Release|Win32
		{E7F038BA-665E-492C-A857-F7676357BDBE}.Release|x86.Build.0 = Release|Win32
	EndGlobalSection
	GlobalSection(SolutionProperties) = preSolution
		HideSolutionNode = FALSE
	EndGlobalSection
	GlobalSection(ExtensibilityGlobals) = postSolution
		SolutionGuid = {799242A9-E65C-4969-A0B9-C5AA32EA6730}
	EndGlobalSection
EndGlobal
