
Microsoft Visual Studio Solution File, Format Version 12.00
# Visual Studio 15
VisualStudioVersion = 15.0.27130.2036
MinimumVisualStudioVersion = 10.0.40219.1
Project("{8BC9CEB8-8B4A-11D0-8D11-00A0C91BC942}") = "Calculator caller", "Calculator caller\Calculator caller.vcxproj", "{653C0C54-9AD8-432A-9BE6-82206908629F}"
	ProjectSection(ProjectDependencies) = postProject
		{3649F0D8-ED6F-4B70-A9CF-0BB448D86ED4} = {3649F0D8-ED6F-4B70-A9CF-0BB448D86ED4}
	EndProjectSection
EndProject
Project("{8BC9CEB8-8B4A-11D0-8D11-00A0C91BC942}") = "Calculator", "Calculator\Calculator.vcxproj", "{3649F0D8-ED6F-4B70-A9CF-0BB448D86ED4}"
EndProject
Project("{C7167F0D-BC9F-4E6E-AFE1-012C56B48DB5}") = "Testpackage", "Testpackage\Testpackage.wapproj", "{F4B85CB3-6628-4E89-8113-68BF5BDF60C2}"
EndProject
Global
	GlobalSection(SolutionConfigurationPlatforms) = preSolution
		Debug|Any CPU = Debug|Any CPU
		Debug|x64 = Debug|x64
		Debug|x86 = Debug|x86
		Release|Any CPU = Release|Any CPU
		Release|x64 = Release|x64
		Release|x86 = Release|x86
	EndGlobalSection
	GlobalSection(ProjectConfigurationPlatforms) = postSolution
		{653C0C54-9AD8-432A-9BE6-82206908629F}.Debug|Any CPU.ActiveCfg = Debug|Win32
		{653C0C54-9AD8-432A-9BE6-82206908629F}.Debug|x64.ActiveCfg = Debug|x64
		{653C0C54-9AD8-432A-9BE6-82206908629F}.Debug|x64.Build.0 = Debug|x64
		{653C0C54-9AD8-432A-9BE6-82206908629F}.Debug|x86.ActiveCfg = Debug|Win32
		{653C0C54-9AD8-432A-9BE6-82206908629F}.Debug|x86.Build.0 = Debug|Win32
		{653C0C54-9AD8-432A-9BE6-82206908629F}.Release|Any CPU.ActiveCfg = Release|Win32
		{653C0C54-9AD8-432A-9BE6-82206908629F}.Release|x64.ActiveCfg = Release|x64
		{653C0C54-9AD8-432A-9BE6-82206908629F}.Release|x64.Build.0 = Release|x64
		{653C0C54-9AD8-432A-9BE6-82206908629F}.Release|x86.ActiveCfg = Release|Win32
		{653C0C54-9AD8-432A-9BE6-82206908629F}.Release|x86.Build.0 = Release|Win32
		{3649F0D8-ED6F-4B70-A9CF-0BB448D86ED4}.Debug|Any CPU.ActiveCfg = Debug|Win32
		{3649F0D8-ED6F-4B70-A9CF-0BB448D86ED4}.Debug|x64.ActiveCfg = Debug|x64
		{3649F0D8-ED6F-4B70-A9CF-0BB448D86ED4}.Debug|x64.Build.0 = Debug|x64
		{3649F0D8-ED6F-4B70-A9CF-0BB448D86ED4}.Debug|x86.ActiveCfg = Debug|Win32
		{3649F0D8-ED6F-4B70-A9CF-0BB448D86ED4}.Debug|x86.Build.0 = Debug|Win32
		{3649F0D8-ED6F-4B70-A9CF-0BB448D86ED4}.Release|Any CPU.ActiveCfg = Release|Win32
		{3649F0D8-ED6F-4B70-A9CF-0BB448D86ED4}.Release|x64.ActiveCfg = Release|x64
		{3649F0D8-ED6F-4B70-A9CF-0BB448D86ED4}.Release|x64.Build.0 = Release|x64
		{3649F0D8-ED6F-4B70-A9CF-0BB448D86ED4}.Release|x86.ActiveCfg = Release|Win32
		{3649F0D8-ED6F-4B70-A9CF-0BB448D86ED4}.Release|x86.Build.0 = Release|Win32
		{F4B85CB3-6628-4E89-8113-68BF5BDF60C2}.Debug|Any CPU.ActiveCfg = Debug|Any CPU
		{F4B85CB3-6628-4E89-8113-68BF5BDF60C2}.Debug|Any CPU.Build.0 = Debug|Any CPU
		{F4B85CB3-6628-4E89-8113-68BF5BDF60C2}.Debug|Any CPU.Deploy.0 = Debug|Any CPU
		{F4B85CB3-6628-4E89-8113-68BF5BDF60C2}.Debug|x64.ActiveCfg = Debug|x64
		{F4B85CB3-6628-4E89-8113-68BF5BDF60C2}.Debug|x64.Build.0 = Debug|x64
		{F4B85CB3-6628-4E89-8113-68BF5BDF60C2}.Debug|x64.Deploy.0 = Debug|x64
		{F4B85CB3-6628-4E89-8113-68BF5BDF60C2}.Debug|x86.ActiveCfg = Debug|x86
		{F4B85CB3-6628-4E89-8113-68BF5BDF60C2}.Debug|x86.Build.0 = Debug|x86
		{F4B85CB3-6628-4E89-8113-68BF5BDF60C2}.Debug|x86.Deploy.0 = Debug|x86
		{F4B85CB3-6628-4E89-8113-68BF5BDF60C2}.Release|Any CPU.ActiveCfg = Release|Any CPU
		{F4B85CB3-6628-4E89-8113-68BF5BDF60C2}.Release|Any CPU.Build.0 = Release|Any CPU
		{F4B85CB3-6628-4E89-8113-68BF5BDF60C2}.Release|Any CPU.Deploy.0 = Release|Any CPU
		{F4B85CB3-6628-4E89-8113-68BF5BDF60C2}.Release|x64.ActiveCfg = Release|x64
		{F4B85CB3-6628-4E89-8113-68BF5BDF60C2}.Release|x64.Build.0 = Release|x64
		{F4B85CB3-6628-4E89-8113-68BF5BDF60C2}.Release|x64.Deploy.0 = Release|x64
		{F4B85CB3-6628-4E89-8113-68BF5BDF60C2}.Release|x86.ActiveCfg = Release|x86
		{F4B85CB3-6628-4E89-8113-68BF5BDF60C2}.Release|x86.Build.0 = Release|x86
		{F4B85CB3-6628-4E89-8113-68BF5BDF60C2}.Release|x86.Deploy.0 = Release|x86
	EndGlobalSection
	GlobalSection(SolutionProperties) = preSolution
		HideSolutionNode = FALSE
	EndGlobalSection
	GlobalSection(ExtensibilityGlobals) = postSolution
		SolutionGuid = {799242A9-E65C-4969-A0B9-C5AA32EA6730}
	EndGlobalSection
EndGlobal
