
Microsoft Visual Studio Solution File, Format Version 12.00
# Visual Studio 15
VisualStudioVersion = 15.0.27428.2015
MinimumVisualStudioVersion = 10.0.40219.1
Project("{2150E333-8FDC-42A3-9474-1A3956D46DE8}") = "Solution Items", "Solution Items", "{F42546B6-9D10-413D-BBA0-61B168AFDC58}"
	ProjectSection(SolutionItems) = preProject
		.gitattributes = .gitattributes
		.gitignore = .gitignore
		.github\ISSUE_TEMPLATE\bug_report.md = .github\ISSUE_TEMPLATE\bug_report.md
		CHANGELOG.md = CHANGELOG.md
		CONTRIBUTING.md = CONTRIBUTING.md
		.github\ISSUE_TEMPLATE\custom.md = .github\ISSUE_TEMPLATE\custom.md
		.github\ISSUE_TEMPLATE\feature_request.md = .github\ISSUE_TEMPLATE\feature_request.md
		LICENSE = LICENSE
		README.md = README.md
	EndProjectSection
EndProject
Project("{8BC9CEB8-8B4A-11D0-8D11-00A0C91BC942}") = "00 Host", "Host\Host.vcxproj", "{5F19A4E2-79CF-4198-B711-1EA7859926CA}"
EndProject
Project("{8BC9CEB8-8B4A-11D0-8D11-00A0C91BC942}") = "10 sjx", "sjx\sjx.vcxproj", "{23BA0350-902E-4F24-859F-8C41C6BE5393}"
EndProject
Project("{8BC9CEB8-8B4A-11D0-8D11-00A0C91BC942}") = "19 BinSort", "Class Projects\BinSort\BinSort.vcxproj", "{7E9448B3-9D7A-4E4D-A60E-6C0D463E2B44}"
EndProject
Project("{8BC9CEB8-8B4A-11D0-8D11-00A0C91BC942}") = "02 test", "01 test\01 test.vcxproj", "{1258E91E-FCCC-4EEF-ACC6-D62600660555}"
EndProject
Project("{8BC9CEB8-8B4A-11D0-8D11-00A0C91BC942}") = "01 CmdTreeGen", "CmdTreeGen\CmdTreeGen.vcxproj", "{7B9ED51D-5A67-4C94-BC31-F08D4C10ADB8}"
EndProject
Global
	GlobalSection(SolutionConfigurationPlatforms) = preSolution
		Debug|x64 = Debug|x64
		Debug|x86 = Debug|x86
		Release|x64 = Release|x64
		Release|x86 = Release|x86
	EndGlobalSection
	GlobalSection(ProjectConfigurationPlatforms) = postSolution
		{5F19A4E2-79CF-4198-B711-1EA7859926CA}.Debug|x64.ActiveCfg = Debug|x64
		{5F19A4E2-79CF-4198-B711-1EA7859926CA}.Debug|x64.Build.0 = Debug|x64
		{5F19A4E2-79CF-4198-B711-1EA7859926CA}.Debug|x86.ActiveCfg = Debug|Win32
		{5F19A4E2-79CF-4198-B711-1EA7859926CA}.Debug|x86.Build.0 = Debug|Win32
		{5F19A4E2-79CF-4198-B711-1EA7859926CA}.Release|x64.ActiveCfg = Release|x64
		{5F19A4E2-79CF-4198-B711-1EA7859926CA}.Release|x64.Build.0 = Release|x64
		{5F19A4E2-79CF-4198-B711-1EA7859926CA}.Release|x86.ActiveCfg = Release|Win32
		{5F19A4E2-79CF-4198-B711-1EA7859926CA}.Release|x86.Build.0 = Release|Win32
		{23BA0350-902E-4F24-859F-8C41C6BE5393}.Debug|x64.ActiveCfg = Debug|x64
		{23BA0350-902E-4F24-859F-8C41C6BE5393}.Debug|x64.Build.0 = Debug|x64
		{23BA0350-902E-4F24-859F-8C41C6BE5393}.Debug|x86.ActiveCfg = Debug|Win32
		{23BA0350-902E-4F24-859F-8C41C6BE5393}.Debug|x86.Build.0 = Debug|Win32
		{23BA0350-902E-4F24-859F-8C41C6BE5393}.Release|x64.ActiveCfg = Release|x64
		{23BA0350-902E-4F24-859F-8C41C6BE5393}.Release|x64.Build.0 = Release|x64
		{23BA0350-902E-4F24-859F-8C41C6BE5393}.Release|x86.ActiveCfg = Release|Win32
		{23BA0350-902E-4F24-859F-8C41C6BE5393}.Release|x86.Build.0 = Release|Win32
		{7E9448B3-9D7A-4E4D-A60E-6C0D463E2B44}.Debug|x64.ActiveCfg = Debug|x64
		{7E9448B3-9D7A-4E4D-A60E-6C0D463E2B44}.Debug|x64.Build.0 = Debug|x64
		{7E9448B3-9D7A-4E4D-A60E-6C0D463E2B44}.Debug|x86.ActiveCfg = Debug|Win32
		{7E9448B3-9D7A-4E4D-A60E-6C0D463E2B44}.Debug|x86.Build.0 = Debug|Win32
		{7E9448B3-9D7A-4E4D-A60E-6C0D463E2B44}.Release|x64.ActiveCfg = Release|x64
		{7E9448B3-9D7A-4E4D-A60E-6C0D463E2B44}.Release|x64.Build.0 = Release|x64
		{7E9448B3-9D7A-4E4D-A60E-6C0D463E2B44}.Release|x86.ActiveCfg = Release|Win32
		{7E9448B3-9D7A-4E4D-A60E-6C0D463E2B44}.Release|x86.Build.0 = Release|Win32
		{1258E91E-FCCC-4EEF-ACC6-D62600660555}.Debug|x64.ActiveCfg = Debug|x64
		{1258E91E-FCCC-4EEF-ACC6-D62600660555}.Debug|x64.Build.0 = Debug|x64
		{1258E91E-FCCC-4EEF-ACC6-D62600660555}.Debug|x86.ActiveCfg = Debug|Win32
		{1258E91E-FCCC-4EEF-ACC6-D62600660555}.Debug|x86.Build.0 = Debug|Win32
		{1258E91E-FCCC-4EEF-ACC6-D62600660555}.Release|x64.ActiveCfg = Release|x64
		{1258E91E-FCCC-4EEF-ACC6-D62600660555}.Release|x64.Build.0 = Release|x64
		{1258E91E-FCCC-4EEF-ACC6-D62600660555}.Release|x86.ActiveCfg = Release|Win32
		{1258E91E-FCCC-4EEF-ACC6-D62600660555}.Release|x86.Build.0 = Release|Win32
		{7B9ED51D-5A67-4C94-BC31-F08D4C10ADB8}.Debug|x64.ActiveCfg = Debug|x64
		{7B9ED51D-5A67-4C94-BC31-F08D4C10ADB8}.Debug|x64.Build.0 = Debug|x64
		{7B9ED51D-5A67-4C94-BC31-F08D4C10ADB8}.Debug|x86.ActiveCfg = Debug|Win32
		{7B9ED51D-5A67-4C94-BC31-F08D4C10ADB8}.Debug|x86.Build.0 = Debug|Win32
		{7B9ED51D-5A67-4C94-BC31-F08D4C10ADB8}.Release|x64.ActiveCfg = Release|x64
		{7B9ED51D-5A67-4C94-BC31-F08D4C10ADB8}.Release|x64.Build.0 = Release|x64
		{7B9ED51D-5A67-4C94-BC31-F08D4C10ADB8}.Release|x86.ActiveCfg = Release|Win32
		{7B9ED51D-5A67-4C94-BC31-F08D4C10ADB8}.Release|x86.Build.0 = Release|Win32
	EndGlobalSection
	GlobalSection(SolutionProperties) = preSolution
		HideSolutionNode = FALSE
	EndGlobalSection
	GlobalSection(ExtensibilityGlobals) = postSolution
		SolutionGuid = {CE0F8284-F299-40FD-A78F-AE8A63678737}
	EndGlobalSection
EndGlobal
