<?xml version="1.0" encoding="utf-8"?>
<Project ToolsVersion="4.0" xmlns="http://schemas.microsoft.com/developer/msbuild/2003">
  <ItemGroup>
    <Filter Include="Source Files">
      <UniqueIdentifier>{4FC737F1-C7A5-4376-A066-2A32D752A2FF}</UniqueIdentifier>
      <Extensions>cpp;c;cc;cxx;def;odl;idl;hpj;bat;asm;asmx</Extensions>
    </Filter>
    <Filter Include="Resource Files">
      <UniqueIdentifier>{67DA6AB6-F800-4c08-8B7A-83BB121AAD01}</UniqueIdentifier>
      <Extensions>rc;ico;cur;bmp;dlg;rc2;rct;bin;rgs;gif;jpg;jpeg;jpe;resx;tiff;tif;png;wav;mfcribbon-ms</Extensions>
    </Filter>
    <Filter Include="00 General Items">
      <UniqueIdentifier>{77e06d95-57b6-4d8f-b203-e6f335a2559d}</UniqueIdentifier>
    </Filter>
    <Filter Include="01 UI">
      <UniqueIdentifier>{5465bcdc-3127-46a3-b4eb-aecf9e6a49f4}</UniqueIdentifier>
    </Filter>
    <Filter Include="03 Win32_Functions">
      <UniqueIdentifier>{2655ee06-a7b9-43ce-a065-9dcfdff6746c}</UniqueIdentifier>
    </Filter>
    <Filter Include="02 IO">
      <UniqueIdentifier>{dd11f6b0-5c48-4097-9e05-6448ef6caa34}</UniqueIdentifier>
    </Filter>
  </ItemGroup>
  <ItemGroup>
    <ClCompile Include="main.cpp">
      <Filter>Source Files</Filter>
    </ClCompile>
    <ClCompile Include="Filemani.cpp">
      <Filter>02 IO</Filter>
    </ClCompile>
    <ClCompile Include="Parser.cpp">
      <Filter>02 IO</Filter>
    </ClCompile>
    <ClCompile Include="ShellLinkInfo.cpp">
      <Filter>03 Win32_Functions</Filter>
    </ClCompile>
    <ClCompile Include="convert.cpp">
      <Filter>03 Win32_Functions</Filter>
    </ClCompile>
    <ClCompile Include="Names.cpp">
      <Filter>00 General Items</Filter>
    </ClCompile>
    <ClCompile Include="Launch.cpp">
      <Filter>03 Win32_Functions</Filter>
    </ClCompile>
    <ClCompile Include="Host.cpp">
      <Filter>01 UI</Filter>
    </ClCompile>
    <ClCompile Include="LoadLibrary.h">
      <Filter>03 Win32_Functions</Filter>
    </ClCompile>
    <ClCompile Include="LoadLibraryLib.cpp">
      <Filter>03 Win32_Functions</Filter>
    </ClCompile>
  </ItemGroup>
  <ItemGroup>
    <ClInclude Include="Names.h">
      <Filter>00 General Items</Filter>
    </ClInclude>
    <ClInclude Include="Filemani.h">
      <Filter>02 IO</Filter>
    </ClInclude>
    <ClInclude Include="Parser.h">
      <Filter>02 IO</Filter>
    </ClInclude>
    <ClInclude Include="WinPlatform.h">
      <Filter>03 Win32_Functions</Filter>
    </ClInclude>
    <ClInclude Include="Launch.h">
      <Filter>03 Win32_Functions</Filter>
    </ClInclude>
    <ClInclude Include="Host.h">
      <Filter>01 UI</Filter>
    </ClInclude>
  </ItemGroup>
</Project>