<?xml version="1.0" encoding="utf-8"?>
<Project ToolsVersion="4.0" xmlns="http://schemas.microsoft.com/developer/msbuild/2003">
  <ItemGroup>
    <Filter Include="00 General Items">
      <UniqueIdentifier>{93995380-89BD-4b04-88EB-625FBE52EBFB}</UniqueIdentifier>
      <Extensions>h;hh;hpp;hxx;hm;inl;inc;ipp;xsd</Extensions>
    </Filter>
    <Filter Include="11 Calc">
      <UniqueIdentifier>{279bf3fa-c2b3-4cdc-af36-83aaf9b59b18}</UniqueIdentifier>
    </Filter>
    <Filter Include="12 Enc">
      <UniqueIdentifier>{645aa977-ff4e-4895-83fd-87e4765d967a}</UniqueIdentifier>
    </Filter>
    <Filter Include="20 UJr2">
      <UniqueIdentifier>{ec5855a4-5eda-40ce-9130-6f8c8a1f2c15}</UniqueIdentifier>
    </Filter>
    <Filter Include="20 UJr2\1 Crossing">
      <UniqueIdentifier>{79eae2b2-0bcb-40c6-b272-af175fe127fc}</UniqueIdentifier>
    </Filter>
    <Filter Include="20 UJr2\2 Vehicle_control">
      <UniqueIdentifier>{dc4d2043-eedf-4da9-8967-635dbb5efae5}</UniqueIdentifier>
    </Filter>
    <Filter Include="20 UJr2\3 Book">
      <UniqueIdentifier>{78971ac6-42e0-4e5a-bd55-a5edcdec993a}</UniqueIdentifier>
    </Filter>
    <Filter Include="20 UJr2\4 KMP">
      <UniqueIdentifier>{1867f96e-71d2-4430-a6a6-5b13d811517c}</UniqueIdentifier>
    </Filter>
    <Filter Include="20 UJr2\7 Haffman">
      <UniqueIdentifier>{c8746d8a-70b8-400f-bbaa-06b305fad5a0}</UniqueIdentifier>
    </Filter>
    <Filter Include="20 UJr2\8 Block_search">
      <UniqueIdentifier>{7b3790d9-1044-4d69-9ac0-b20e9e0e39f9}</UniqueIdentifier>
    </Filter>
    <Filter Include="20 UJr2\0 General Items">
      <UniqueIdentifier>{0cbe7a45-269f-4f15-b8d2-53fce5c52bd0}</UniqueIdentifier>
    </Filter>
    <Filter Include="20 UJr2\5 CrossRiver">
      <UniqueIdentifier>{9db8a306-e73c-407b-9251-b61e9414c13e}</UniqueIdentifier>
    </Filter>
    <Filter Include="20 UJr2\6 maze">
      <UniqueIdentifier>{f85b3c56-0627-4454-8901-51d89f8cd8ac}</UniqueIdentifier>
    </Filter>
    <Filter Include="20 UJr2\9 BinSort">
      <UniqueIdentifier>{b43aa952-eb8f-4b84-9ac3-63ec61bf90dc}</UniqueIdentifier>
    </Filter>
  </ItemGroup>
  <ItemGroup>
    <ClInclude Include="sjx_Exports.h">
      <Filter>00 General Items</Filter>
    </ClInclude>
    <ClInclude Include="UJr2/VCtrl/VCtrl_controls.h">
      <Filter>20 UJr2\2 Vehicle_control</Filter>
    </ClInclude>
    <ClInclude Include="UJr2/UJr2.h">
      <Filter>20 UJr2\0 General Items</Filter>
    </ClInclude>
    <ClInclude Include="SwapEnc/SwapEnc.h">
      <Filter>12 Enc</Filter>
    </ClInclude>
    <ClInclude Include="UJr2/stack_queue/step.h">
      <Filter>20 UJr2\6 maze</Filter>
    </ClInclude>
    <ClInclude Include="UJr2/KMP/KMP.h">
      <Filter>20 UJr2\4 KMP</Filter>
    </ClInclude>
    <ClInclude Include="UJr2/stack_queue/Maze.h">
      <Filter>20 UJr2\6 maze</Filter>
    </ClInclude>
    <ClInclude Include="UJr2/Haffman/Haffman.h">
      <Filter>20 UJr2\7 Haffman</Filter>
    </ClInclude>
    <ClInclude Include="UJr2/stack_queue/CrossRiver.h">
      <Filter>20 UJr2\5 CrossRiver</Filter>
    </ClInclude>
    <ClInclude Include="UJr2/Crossing/CrossingColor.h">
      <Filter>20 UJr2\1 Crossing</Filter>
    </ClInclude>
    <ClInclude Include="UJr2/Crossing/Crossing.h">
      <Filter>20 UJr2\1 Crossing</Filter>
    </ClInclude>
    <ClInclude Include="calculator/CalcVariable.h">
      <Filter>11 Calc</Filter>
    </ClInclude>
    <ClInclude Include="calculator/Calculator.h">
      <Filter>11 Calc</Filter>
    </ClInclude>
    <ClInclude Include="calculator/CalcToken.h">
      <Filter>11 Calc</Filter>
    </ClInclude>
    <ClInclude Include="UJr2/Book/BookUI.h">
      <Filter>20 UJr2\3 Book</Filter>
    </ClInclude>
    <ClInclude Include="UJr2/Book/Booklist.h">
      <Filter>20 UJr2\3 Book</Filter>
    </ClInclude>
    <ClInclude Include="UJr2/Book/Book.h">
      <Filter>20 UJr2\3 Book</Filter>
    </ClInclude>
    <ClInclude Include="UJr2/Search/BinSort.h">
      <Filter>20 UJr2\9 BinSort</Filter>
    </ClInclude>
    <ClInclude Include="UJr2/Search/Block_search.h">
      <Filter>20 UJr2\8 Block_search</Filter>
    </ClInclude>
  </ItemGroup>
  <ItemGroup>
    <ClCompile Include="main.cpp">
      <Filter>00 General Items</Filter>
    </ClCompile>
    <ClCompile Include="UJr2/Search/BinSort.cpp">
      <Filter>20 UJr2\9 BinSort</Filter>
    </ClCompile>
    <ClCompile Include="UJr2/Search/Block_search.cpp">
      <Filter>20 UJr2\8 Block_search</Filter>
    </ClCompile>
    <ClCompile Include="UJr2/Book/Book.cpp">
      <Filter>20 UJr2\3 Book</Filter>
    </ClCompile>
    <ClCompile Include="UJr2/Book/Book_main.cpp">
      <Filter>20 UJr2\3 Book</Filter>
    </ClCompile>
    <ClCompile Include="UJr2/Book/Booklist.cpp">
      <Filter>20 UJr2\3 Book</Filter>
    </ClCompile>
    <ClCompile Include="UJr2/Book/BookUI.cpp">
      <Filter>20 UJr2\3 Book</Filter>
    </ClCompile>
    <ClCompile Include="calculator/Calc_main.cpp">
      <Filter>11 Calc</Filter>
    </ClCompile>
    <ClCompile Include="calculator/CalcToken.cpp">
      <Filter>11 Calc</Filter>
    </ClCompile>
    <ClCompile Include="calculator/Calculator.cpp">
      <Filter>11 Calc</Filter>
    </ClCompile>
    <ClCompile Include="calculator/CalcVariable.cpp">
      <Filter>11 Calc</Filter>
    </ClCompile>
    <ClCompile Include="UJr2/Crossing/Crossing_main.cpp">
      <Filter>20 UJr2\1 Crossing</Filter>
    </ClCompile>
    <ClCompile Include="UJr2/Crossing/Crossing.cpp">
      <Filter>20 UJr2\1 Crossing</Filter>
    </ClCompile>
    <ClCompile Include="UJr2/Crossing/CrossingColor.cpp">
      <Filter>20 UJr2\1 Crossing</Filter>
    </ClCompile>
    <ClCompile Include="UJr2/stack_queue/Crossriver.cpp">
      <Filter>20 UJr2\5 CrossRiver</Filter>
    </ClCompile>
    <ClCompile Include="UJr2/Haffman/Haffman.cpp">
      <Filter>20 UJr2\7 Haffman</Filter>
    </ClCompile>
    <ClCompile Include="UJr2/KMP/KMP.cpp">
      <Filter>20 UJr2\4 KMP</Filter>
    </ClCompile>
    <ClCompile Include="UJr2/stack_queue/Maze.cpp">
      <Filter>20 UJr2\6 maze</Filter>
    </ClCompile>
    <ClCompile Include="UJr2/stack_queue/Maze_main.cpp">
      <Filter>20 UJr2\6 maze</Filter>
    </ClCompile>
    <ClCompile Include="UJr2/stack_queue/step.cpp">
      <Filter>20 UJr2\6 maze</Filter>
    </ClCompile>
    <ClCompile Include="SwapEnc/SwapEnc.cpp">
      <Filter>12 Enc</Filter>
    </ClCompile>
    <ClCompile Include="SwapEnc/SwapEnc_main.cpp">
      <Filter>12 Enc</Filter>
    </ClCompile>
    <ClCompile Include="UJr2/UJr2.cpp">
      <Filter>20 UJr2\0 General Items</Filter>
    </ClCompile>
    <ClCompile Include="UJr2/VCtrl/VCtrl_controls.cpp">
      <Filter>20 UJr2\2 Vehicle_control</Filter>
    </ClCompile>
    <ClCompile Include="UJr2/VCtrl/VCtrl_main.cpp">
      <Filter>20 UJr2\2 Vehicle_control</Filter>
    </ClCompile>
    <ClCompile Include="UJr2/Search/BinSearch.cpp">
      <Filter>20 UJr2\9 BinSort</Filter>
    </ClCompile>
  </ItemGroup>
</Project>